{
  "requires": true,
  "lockfileVersion": 1,
  "dependencies": {
    "@types/cookie": {
      "version": "0.3.3",
      "resolved": "https://registry.npm.taobao.org/@types/cookie/download/@types/cookie-0.3.3.tgz",
      "integrity": "sha1-hbx0ungvt6o6UU0RdngysOO8aAM="
    },
    "cookie": {
      "version": "0.4.1",
      "resolved": "https://registry.npm.taobao.org/cookie/download/cookie-0.4.1.tgz?cache=0&sync_timestamp=1599054117231&other_urls=https%3A%2F%2Fregistry.npm.taobao.org%2Fcookie%2Fdownload%2Fcookie-0.4.1.tgz",
      "integrity": "sha1-r9cT/ibr0hupXOth+agRblClN9E="
    },
    "cookie-universal": {
      "version": "2.1.4",
      "resolved": "https://registry.npm.taobao.org/cookie-universal/download/cookie-universal-2.1.4.tgz",
      "integrity": "sha1-gmonPafrmwi/sBObrhLqcHcNVks=",
      "requires": {
        "@types/cookie": "^0.3.3",
        "cookie": "^0.4.0"
      }
    },
    "cookie-universal-nuxt": {
      "version": "2.1.4",
      "resolved": "https://registry.npm.taobao.org/cookie-universal-nuxt/download/cookie-universal-nuxt-2.1.4.tgz",
      "integrity": "sha1-Mj+GRVAfiMskIhJ62Lou5AGHtxY=",
      "requires": {
        "@types/cookie": "^0.3.3",
        "cookie-universal": "^2.1.4"
      }
    },
    "js-cookie": {
      "version": "2.2.1",
      "resolved": "https://registry.npm.taobao.org/js-cookie/download/js-cookie-2.2.1.tgz",
      "integrity": "sha1-aeEG3F1YBolFYpAqpbrsN0Tpsrg="
    }
  }
}
